{
    "version": 3,
    "terraform_version": "0.11.3",
    "serial": 5,
    "lineage": "ef69a7bd-ae12-4441-a161-21f04728350d",
    "modules": [
        {
            "path": [
                "root"
            ],
            "outputs": {},
            "resources": {
                "aviatrix_account.gw_account": {
                    "type": "aviatrix_account",
                    "depends_on": [],
                    "primary": {
                        "id": "gwAcct3",
                        "attributes": {
                            "account_email": "atsankov@itbit.com",
                            "account_name": "gwAcct3",
                            "account_password": "Aviatrix123",
                            "aws_account_number": "174981058713",
                            "aws_iam": "true",
                            "aws_role_app": "arn:aws:iam::174981058713:role/aviatrix-role-app",
                            "aws_role_ec2": "arn:aws:iam::174981058713:role/aviatrix-role-ec2",
                            "cloud_type": "1",
                            "id": "gwAcct3"
                        },
                        "meta": {},
                        "tainted": false
                    },
                    "deposed": [],
                    "provider": "provider.aviatrix"
                },
                "aviatrix_gateway.dev_gw": {
                    "type": "aviatrix_gateway",
                    "depends_on": [
                        "aviatrix_account.gw_account"
                    ],
                    "primary": {
                        "id": "avtxgw-0",
                        "attributes": {
                            "account_name": "gwAcct3",
                            "cloud_type": "1",
                            "gw_name": "avtxgw-0",
                            "id": "avtxgw-0",
                            "public_ip": "35.173.8.86",
                            "vpc_id": "vpc-d02939a8",
                            "vpc_net": "10.100.0.0/24",
                            "vpc_reg": "us-east-1",
                            "vpc_size": "t2.micro"
                        },
                        "meta": {},
                        "tainted": false
                    },
                    "deposed": [],
                    "provider": "provider.aviatrix"
                }
            },
            "depends_on": []
        }
    ]
}
